// !$*UTF8*$!
{
	archiveVersion = 1;
	classes = {
	};
	objectVersion = 50;
	objects = {

/* Begin PBXBuildFile section */
		1702DDD82526562100B6863C /* BottomToolbar.swift in Sources */ = {isa = PBXBuildFile; fileRef = 1702DDD72526562100B6863C /* BottomToolbar.swift */; };
		170B23E325077F1B00F790FE /* TabNavigation.swift in Sources */ = {isa = PBXBuildFile; fileRef = 170B23E225077F1B00F790FE /* TabNavigation.swift */; };
		170EE3BE251AA861000D8363 /* EnvironmentHelpers.swift in Sources */ = {isa = PBXBuildFile; fileRef = 170EE3BD251AA861000D8363 /* EnvironmentHelpers.swift */; };
		170EE3BF251AA861000D8363 /* EnvironmentHelpers.swift in Sources */ = {isa = PBXBuildFile; fileRef = 170EE3BD251AA861000D8363 /* EnvironmentHelpers.swift */; };
		171212162503708000EE7423 /* Tests_iOS.swift in Sources */ = {isa = PBXBuildFile; fileRef = 171212152503708000EE7423 /* Tests_iOS.swift */; };
		171212212503708000EE7423 /* Tests_macOS.swift in Sources */ = {isa = PBXBuildFile; fileRef = 171212202503708000EE7423 /* Tests_macOS.swift */; };
		171212232503708000EE7423 /* Shared.xcdatamodeld in Sources */ = {isa = PBXBuildFile; fileRef = 171211F72503707E00EE7423 /* Shared.xcdatamodeld */; };
		171212242503708000EE7423 /* Shared.xcdatamodeld in Sources */ = {isa = PBXBuildFile; fileRef = 171211F72503707E00EE7423 /* Shared.xcdatamodeld */; };
		171212252503708000EE7423 /* ClassesApp.swift in Sources */ = {isa = PBXBuildFile; fileRef = 171211F92503707E00EE7423 /* ClassesApp.swift */; };
		171212262503708000EE7423 /* ClassesApp.swift in Sources */ = {isa = PBXBuildFile; fileRef = 171211F92503707E00EE7423 /* ClassesApp.swift */; };
		171212272503708000EE7423 /* ContentView.swift in Sources */ = {isa = PBXBuildFile; fileRef = 171211FA2503707E00EE7423 /* ContentView.swift */; };
		171212282503708000EE7423 /* ContentView.swift in Sources */ = {isa = PBXBuildFile; fileRef = 171211FA2503707E00EE7423 /* ContentView.swift */; };
		171212292503708000EE7423 /* Persistence.swift in Sources */ = {isa = PBXBuildFile; fileRef = 171211FB2503707E00EE7423 /* Persistence.swift */; };
		1712122A2503708000EE7423 /* Persistence.swift in Sources */ = {isa = PBXBuildFile; fileRef = 171211FB2503707E00EE7423 /* Persistence.swift */; };
		1712122B2503708000EE7423 /* Assets.xcassets in Resources */ = {isa = PBXBuildFile; fileRef = 171211FC2503708000EE7423 /* Assets.xcassets */; };
		1712122C2503708000EE7423 /* Assets.xcassets in Resources */ = {isa = PBXBuildFile; fileRef = 171211FC2503708000EE7423 /* Assets.xcassets */; };
		17207ED525208B3E003889C2 /* AddILOMenu.swift in Sources */ = {isa = PBXBuildFile; fileRef = 17207ED425208B3E003889C2 /* AddILOMenu.swift */; };
		17207ED625208B3E003889C2 /* AddILOMenu.swift in Sources */ = {isa = PBXBuildFile; fileRef = 17207ED425208B3E003889C2 /* AddILOMenu.swift */; };
		1724C46A254250DE00F56C93 /* AppFeatures.json in Resources */ = {isa = PBXBuildFile; fileRef = 1724C469254250DE00F56C93 /* AppFeatures.json */; };
		1724C46B254250DE00F56C93 /* AppFeatures.json in Resources */ = {isa = PBXBuildFile; fileRef = 1724C469254250DE00F56C93 /* AppFeatures.json */; };
		172FFFF625420B3500CA15B5 /* WhatsNew.swift in Sources */ = {isa = PBXBuildFile; fileRef = 172FFFF525420B3500CA15B5 /* WhatsNew.swift */; };
		172FFFF725420B3500CA15B5 /* WhatsNew.swift in Sources */ = {isa = PBXBuildFile; fileRef = 172FFFF525420B3500CA15B5 /* WhatsNew.swift */; };
		173C769C25162148003FFA6A /* OnboardingView.swift in Sources */ = {isa = PBXBuildFile; fileRef = 173C769B25162148003FFA6A /* OnboardingView.swift */; };
		173C769D25162148003FFA6A /* OnboardingView.swift in Sources */ = {isa = PBXBuildFile; fileRef = 173C769B25162148003FFA6A /* OnboardingView.swift */; };
		1751BB222533480D00AA78D6 /* LessonsNaviOS.swift in Sources */ = {isa = PBXBuildFile; fileRef = 1751BB212533480D00AA78D6 /* LessonsNaviOS.swift */; };
		1751BB292533514000AA78D6 /* LessonsStateObject.swift in Sources */ = {isa = PBXBuildFile; fileRef = 1751BB282533514000AA78D6 /* LessonsStateObject.swift */; };
		1751BB2A2533514000AA78D6 /* LessonsStateObject.swift in Sources */ = {isa = PBXBuildFile; fileRef = 1751BB282533514000AA78D6 /* LessonsStateObject.swift */; };
		1768DEC52514CB41008CDCAC /* LessonDetails.swift in Sources */ = {isa = PBXBuildFile; fileRef = 1768DEC42514CB41008CDCAC /* LessonDetails.swift */; };
		1768DEC62514CB41008CDCAC /* LessonDetails.swift in Sources */ = {isa = PBXBuildFile; fileRef = 1768DEC42514CB41008CDCAC /* LessonDetails.swift */; };
		1768DED02514CB5B008CDCAC /* ILOSection.swift in Sources */ = {isa = PBXBuildFile; fileRef = 1768DECF2514CB5B008CDCAC /* ILOSection.swift */; };
		1768DED12514CB5B008CDCAC /* ILOSection.swift in Sources */ = {isa = PBXBuildFile; fileRef = 1768DECF2514CB5B008CDCAC /* ILOSection.swift */; };
		1768DED72514CB68008CDCAC /* ResourceSection.swift in Sources */ = {isa = PBXBuildFile; fileRef = 1768DED62514CB68008CDCAC /* ResourceSection.swift */; };
		1768DED82514CB68008CDCAC /* ResourceSection.swift in Sources */ = {isa = PBXBuildFile; fileRef = 1768DED62514CB68008CDCAC /* ResourceSection.swift */; };
		176CC621250CB92E00FB28B6 /* Tag.swift in Sources */ = {isa = PBXBuildFile; fileRef = 176CC620250CB92E00FB28B6 /* Tag.swift */; };
		176CC622250CBD4000FB28B6 /* Tag.swift in Sources */ = {isa = PBXBuildFile; fileRef = 176CC620250CB92E00FB28B6 /* Tag.swift */; };
		176CC625250CFCDB00FB28B6 /* AddResource.swift in Sources */ = {isa = PBXBuildFile; fileRef = 176CC624250CFCDB00FB28B6 /* AddResource.swift */; };
		176CC627250CFD3C00FB28B6 /* Resource.swift in Sources */ = {isa = PBXBuildFile; fileRef = 176CC626250CFD3C00FB28B6 /* Resource.swift */; };
		176CC628250D13C100FB28B6 /* AddResource.swift in Sources */ = {isa = PBXBuildFile; fileRef = 176CC624250CFCDB00FB28B6 /* AddResource.swift */; };
		176CC629250D13CC00FB28B6 /* Resource.swift in Sources */ = {isa = PBXBuildFile; fileRef = 176CC626250CFD3C00FB28B6 /* Resource.swift */; };
		176CC62B250D18CC00FB28B6 /* AllocateTagView.swift in Sources */ = {isa = PBXBuildFile; fileRef = 176CC62A250D18CC00FB28B6 /* AllocateTagView.swift */; };
		176CC62C250D18CC00FB28B6 /* AllocateTagView.swift in Sources */ = {isa = PBXBuildFile; fileRef = 176CC62A250D18CC00FB28B6 /* AllocateTagView.swift */; };
		176E09B62528772100E1AA26 /* SettingsViewMac.swift in Sources */ = {isa = PBXBuildFile; fileRef = 176E09B52528772100E1AA26 /* SettingsViewMac.swift */; };
		176E09BD2528781600E1AA26 /* ContactSettingsView.swift in Sources */ = {isa = PBXBuildFile; fileRef = 176E09BC2528781600E1AA26 /* ContactSettingsView.swift */; };
		176E09BE2528781600E1AA26 /* ContactSettingsView.swift in Sources */ = {isa = PBXBuildFile; fileRef = 176E09BC2528781600E1AA26 /* ContactSettingsView.swift */; };
		176E09C52528783E00E1AA26 /* GeneralSettingsView.swift in Sources */ = {isa = PBXBuildFile; fileRef = 176E09C42528783E00E1AA26 /* GeneralSettingsView.swift */; };
		176E09C62528783E00E1AA26 /* GeneralSettingsView.swift in Sources */ = {isa = PBXBuildFile; fileRef = 176E09C42528783E00E1AA26 /* GeneralSettingsView.swift */; };
		1775ECA62527D94200957AE3 /* ContentViewMac.swift in Sources */ = {isa = PBXBuildFile; fileRef = 1775ECA52527D94200957AE3 /* ContentViewMac.swift */; };
		1775ECA72527D94200957AE3 /* ContentViewMac.swift in Sources */ = {isa = PBXBuildFile; fileRef = 1775ECA52527D94200957AE3 /* ContentViewMac.swift */; };
		1775ECB32527DEF600957AE3 /* Notifications.swift in Sources */ = {isa = PBXBuildFile; fileRef = 1775ECB22527DEF600957AE3 /* Notifications.swift */; };
		1775ECB42527DEF600957AE3 /* Notifications.swift in Sources */ = {isa = PBXBuildFile; fileRef = 1775ECB22527DEF600957AE3 /* Notifications.swift */; };
		177909C2250A6D9300C14F5E /* EditILOView.swift in Sources */ = {isa = PBXBuildFile; fileRef = 177909C1250A6D9200C14F5E /* EditILOView.swift */; };
		177909C3250A6D9300C14F5E /* EditILOView.swift in Sources */ = {isa = PBXBuildFile; fileRef = 177909C1250A6D9200C14F5E /* EditILOView.swift */; };
		177B2D102528A4F200412C55 /* ImportView.swift in Sources */ = {isa = PBXBuildFile; fileRef = 177B2D0F2528A4F200412C55 /* ImportView.swift */; };
		177B2D162528A51C00412C55 /* ModelJSON.swift in Sources */ = {isa = PBXBuildFile; fileRef = 177B2D152528A51C00412C55 /* ModelJSON.swift */; };
		177B2D172528A51C00412C55 /* ModelJSON.swift in Sources */ = {isa = PBXBuildFile; fileRef = 177B2D152528A51C00412C55 /* ModelJSON.swift */; };
		1781EF16251F6C3000BA91BB /* SampleData.swift in Sources */ = {isa = PBXBuildFile; fileRef = 1781EF15251F6C3000BA91BB /* SampleData.swift */; };
		1781EF17251F6C3000BA91BB /* SampleData.swift in Sources */ = {isa = PBXBuildFile; fileRef = 1781EF15251F6C3000BA91BB /* SampleData.swift */; };
		1781EF1D251F76D200BA91BB /* AddResourceButton.swift in Sources */ = {isa = PBXBuildFile; fileRef = 1781EF1C251F76D200BA91BB /* AddResourceButton.swift */; };
		1781EF1E251F76D200BA91BB /* AddResourceButton.swift in Sources */ = {isa = PBXBuildFile; fileRef = 1781EF1C251F76D200BA91BB /* AddResourceButton.swift */; };
		1781EF24251F7F3A00BA91BB /* AllILOsList.swift in Sources */ = {isa = PBXBuildFile; fileRef = 1781EF23251F7F3A00BA91BB /* AllILOsList.swift */; };
		1781EF25251F7F3A00BA91BB /* AllILOsList.swift in Sources */ = {isa = PBXBuildFile; fileRef = 1781EF23251F7F3A00BA91BB /* AllILOsList.swift */; };
		1781EF2A251F804E00BA91BB /* ILOGeneratorView.swift in Sources */ = {isa = PBXBuildFile; fileRef = 17D551D42514DDF900A502EA /* ILOGeneratorView.swift */; };
		1787C8F625267FF1005486AC /* AppCommands.swift in Sources */ = {isa = PBXBuildFile; fileRef = 1787C8F525267FF1005486AC /* AppCommands.swift */; };
		1787C8F725267FF1005486AC /* AppCommands.swift in Sources */ = {isa = PBXBuildFile; fileRef = 1787C8F525267FF1005486AC /* AppCommands.swift */; };
		17937D672531B49E001C2540 /* CustomTypes.swift in Sources */ = {isa = PBXBuildFile; fileRef = 17937D662531B49E001C2540 /* CustomTypes.swift */; };
		17937D682531B49E001C2540 /* CustomTypes.swift in Sources */ = {isa = PBXBuildFile; fileRef = 17937D662531B49E001C2540 /* CustomTypes.swift */; };
		17937D702531BE8B001C2540 /* EditLessonButton.swift in Sources */ = {isa = PBXBuildFile; fileRef = 17937D6F2531BE8B001C2540 /* EditLessonButton.swift */; };
		17937D712531BE8B001C2540 /* EditLessonButton.swift in Sources */ = {isa = PBXBuildFile; fileRef = 17937D6F2531BE8B001C2540 /* EditLessonButton.swift */; };
		17937D7D2531BFD9001C2540 /* DeleteLessonButton.swift in Sources */ = {isa = PBXBuildFile; fileRef = 17937D7C2531BFD9001C2540 /* DeleteLessonButton.swift */; };
		17937D7E2531BFD9001C2540 /* DeleteLessonButton.swift in Sources */ = {isa = PBXBuildFile; fileRef = 17937D7C2531BFD9001C2540 /* DeleteLessonButton.swift */; };
		17937D852531C03A001C2540 /* ToggleWatchedButton.swift in Sources */ = {isa = PBXBuildFile; fileRef = 17937D842531C03A001C2540 /* ToggleWatchedButton.swift */; };
		17937D862531C03A001C2540 /* ToggleWatchedButton.swift in Sources */ = {isa = PBXBuildFile; fileRef = 17937D842531C03A001C2540 /* ToggleWatchedButton.swift */; };
		179BF2522506834300574A35 /* LessonsView.swift in Sources */ = {isa = PBXBuildFile; fileRef = 179BF2512506834300574A35 /* LessonsView.swift */; };
		179BF2532506834300574A35 /* LessonsView.swift in Sources */ = {isa = PBXBuildFile; fileRef = 179BF2512506834300574A35 /* LessonsView.swift */; };
		179BF256250697F500574A35 /* CloudKit.framework in Frameworks */ = {isa = PBXBuildFile; fileRef = 179BF255250697F500574A35 /* CloudKit.framework */; };
		179BF2592506981E00574A35 /* CloudKit.framework in Frameworks */ = {isa = PBXBuildFile; fileRef = 179BF2582506981E00574A35 /* CloudKit.framework */; };
		179BF25B2506A86200574A35 /* ILO.swift in Sources */ = {isa = PBXBuildFile; fileRef = 179BF25A2506A86200574A35 /* ILO.swift */; };
		179BF25C2506A86200574A35 /* ILO.swift in Sources */ = {isa = PBXBuildFile; fileRef = 179BF25A2506A86200574A35 /* ILO.swift */; };
		17A6D50D250D7A3F00E7C6E8 /* TagIcon.swift in Sources */ = {isa = PBXBuildFile; fileRef = 17A6D50C250D7A3F00E7C6E8 /* TagIcon.swift */; };
		17A6D50E250D7A3F00E7C6E8 /* TagIcon.swift in Sources */ = {isa = PBXBuildFile; fileRef = 17A6D50C250D7A3F00E7C6E8 /* TagIcon.swift */; };
		17ABF3502507E789000D4048 /* ILOsView.swift in Sources */ = {isa = PBXBuildFile; fileRef = 17ABF34F2507E789000D4048 /* ILOsView.swift */; };
		17ABF3512507E789000D4048 /* ILOsView.swift in Sources */ = {isa = PBXBuildFile; fileRef = 17ABF34F2507E789000D4048 /* ILOsView.swift */; };
		17B36A4D2544CEEE00307C00 /* Localizable.strings in Resources */ = {isa = PBXBuildFile; fileRef = 17D5467F25325D3200046654 /* Localizable.strings */; };
		17B3D7DD2528A7FC00B3D8F3 /* ModelJSON.swift in Sources */ = {isa = PBXBuildFile; fileRef = 177B2D152528A51C00412C55 /* ModelJSON.swift */; };
		17BBCB052535169800FDEDD4 /* AppViewState.swift in Sources */ = {isa = PBXBuildFile; fileRef = 17BBCB042535169800FDEDD4 /* AppViewState.swift */; };
		17BBCB062535169800FDEDD4 /* AppViewState.swift in Sources */ = {isa = PBXBuildFile; fileRef = 17BBCB042535169800FDEDD4 /* AppViewState.swift */; };
		17BD0E7A251D2EDB00BCC40D /* LessonsNavMac.swift in Sources */ = {isa = PBXBuildFile; fileRef = 17BD0E78251D2EDB00BCC40D /* LessonsNavMac.swift */; };
		17BD0E84251D3DC900BCC40D /* LessonsFilter.swift in Sources */ = {isa = PBXBuildFile; fileRef = 17BD0E83251D3DC900BCC40D /* LessonsFilter.swift */; };
		17BD0E85251D3DC900BCC40D /* LessonsFilter.swift in Sources */ = {isa = PBXBuildFile; fileRef = 17BD0E83251D3DC900BCC40D /* LessonsFilter.swift */; };
		17BD0E90251D425000BCC40D /* LessonsRow.swift in Sources */ = {isa = PBXBuildFile; fileRef = 17BD0E8F251D425000BCC40D /* LessonsRow.swift */; };
		17BD0E9E251D433C00BCC40D /* LessonsRow.swift in Sources */ = {isa = PBXBuildFile; fileRef = 17BD0E8F251D425000BCC40D /* LessonsRow.swift */; };
		17C9737E250E2A62000ACF16 /* SummaryView.swift in Sources */ = {isa = PBXBuildFile; fileRef = 17C9737D250E2A62000ACF16 /* SummaryView.swift */; };
		17C9737F250E2A62000ACF16 /* SummaryView.swift in Sources */ = {isa = PBXBuildFile; fileRef = 17C9737D250E2A62000ACF16 /* SummaryView.swift */; };
		17CACE362529B43200D906E4 /* LessonsActionButtons.swift in Sources */ = {isa = PBXBuildFile; fileRef = 17CACE352529B43200D906E4 /* LessonsActionButtons.swift */; };
		17CACE4C2529CC9A00D906E4 /* LessonsPrimaryActionButton.swift in Sources */ = {isa = PBXBuildFile; fileRef = 17CACE4B2529CC9900D906E4 /* LessonsPrimaryActionButton.swift */; };
		17D48C23251963F800CBF0A0 /* Helpers.swift in Sources */ = {isa = PBXBuildFile; fileRef = 17D48C22251963F800CBF0A0 /* Helpers.swift */; };
		17D546782532587200046654 /* AddTagView.swift in Sources */ = {isa = PBXBuildFile; fileRef = 176CC61D250CB40F00FB28B6 /* AddTagView.swift */; };
		17D546792532587300046654 /* AddTagView.swift in Sources */ = {isa = PBXBuildFile; fileRef = 176CC61D250CB40F00FB28B6 /* AddTagView.swift */; };
		17D5468125325D3300046654 /* Localizable.strings in Resources */ = {isa = PBXBuildFile; fileRef = 17D5467F25325D3200046654 /* Localizable.strings */; };
		17D551D52514DDF900A502EA /* ILOGeneratorView.swift in Sources */ = {isa = PBXBuildFile; fileRef = 17D551D42514DDF900A502EA /* ILOGeneratorView.swift */; };
		17DEA57D250BEE0700ABD43A /* LessonTypeNavigationList.swift in Sources */ = {isa = PBXBuildFile; fileRef = 17DEA57C250BEE0700ABD43A /* LessonTypeNavigationList.swift */; };
		17DEA57E250BEE0700ABD43A /* LessonTypeNavigationList.swift in Sources */ = {isa = PBXBuildFile; fileRef = 17DEA57C250BEE0700ABD43A /* LessonTypeNavigationList.swift */; };
		17E50BBD250399DB00BA8618 /* SidebarNavigation.swift in Sources */ = {isa = PBXBuildFile; fileRef = 17E50BBC250399DB00BA8618 /* SidebarNavigation.swift */; };
		17E50BBE250399DB00BA8618 /* SidebarNavigation.swift in Sources */ = {isa = PBXBuildFile; fileRef = 17E50BBC250399DB00BA8618 /* SidebarNavigation.swift */; };
		17E50BC02504D81200BA8618 /* LessonsListContent.swift in Sources */ = {isa = PBXBuildFile; fileRef = 17E50BBF2504D81200BA8618 /* LessonsListContent.swift */; };
		17E50BC12504D81200BA8618 /* LessonsListContent.swift in Sources */ = {isa = PBXBuildFile; fileRef = 17E50BBF2504D81200BA8618 /* LessonsListContent.swift */; };
		17E50BC32504D81E00BA8618 /* AddLessonView.swift in Sources */ = {isa = PBXBuildFile; fileRef = 17E50BC22504D81E00BA8618 /* AddLessonView.swift */; };
		17E50BC42504D81E00BA8618 /* AddLessonView.swift in Sources */ = {isa = PBXBuildFile; fileRef = 17E50BC22504D81E00BA8618 /* AddLessonView.swift */; };
		17E50BC62504D8F800BA8618 /* LessonCell.swift in Sources */ = {isa = PBXBuildFile; fileRef = 17E50BC52504D8F800BA8618 /* LessonCell.swift */; };
		17E50BC72504D8F800BA8618 /* LessonCell.swift in Sources */ = {isa = PBXBuildFile; fileRef = 17E50BC52504D8F800BA8618 /* LessonCell.swift */; };
		17E50BC92504E22200BA8618 /* DetailView.swift in Sources */ = {isa = PBXBuildFile; fileRef = 17E50BC82504E22200BA8618 /* DetailView.swift */; };
		17E50BCA2504E22200BA8618 /* DetailView.swift in Sources */ = {isa = PBXBuildFile; fileRef = 17E50BC82504E22200BA8618 /* DetailView.swift */; };
		17E50BCC250518A100BA8618 /* SettingsViewiOS.swift in Sources */ = {isa = PBXBuildFile; fileRef = 17E50BCB250518A100BA8618 /* SettingsViewiOS.swift */; };
		17E50BD025065CB300BA8618 /* Lesson.swift in Sources */ = {isa = PBXBuildFile; fileRef = 17E50BCF25065CB300BA8618 /* Lesson.swift */; };
		17E50BD125065CB300BA8618 /* Lesson.swift in Sources */ = {isa = PBXBuildFile; fileRef = 17E50BCF25065CB300BA8618 /* Lesson.swift */; };
		17F62B03252311BB00DCA5C1 /* WidgetKit.framework in Frameworks */ = {isa = PBXBuildFile; fileRef = 17F62B02252311BB00DCA5C1 /* WidgetKit.framework */; };
		17F62B05252311BB00DCA5C1 /* SwiftUI.framework in Frameworks */ = {isa = PBXBuildFile; fileRef = 17F62B04252311BB00DCA5C1 /* SwiftUI.framework */; };
		17F62B0A252311BD00DCA5C1 /* Assets.xcassets in Resources */ = {isa = PBXBuildFile; fileRef = 17F62B09252311BD00DCA5C1 /* Assets.xcassets */; };
		17F62B1A252311EB00DCA5C1 /* ClassesWidget.swift in Sources */ = {isa = PBXBuildFile; fileRef = 17F62B18252311EB00DCA5C1 /* ClassesWidget.swift */; };
		17F62B272523123C00DCA5C1 /* UpcomingWidgetView.swift in Sources */ = {isa = PBXBuildFile; fileRef = 17F62B252523123C00DCA5C1 /* UpcomingWidgetView.swift */; };
		17F62B2D252312CE00DCA5C1 /* Shared.xcdatamodeld in Sources */ = {isa = PBXBuildFile; fileRef = 171211F72503707E00EE7423 /* Shared.xcdatamodeld */; };
		17F62B392523142900DCA5C1 /* Persistence.swift in Sources */ = {isa = PBXBuildFile; fileRef = 171211FB2503707E00EE7423 /* Persistence.swift */; };
		17F62B3F2523143400DCA5C1 /* Lesson.swift in Sources */ = {isa = PBXBuildFile; fileRef = 17E50BCF25065CB300BA8618 /* Lesson.swift */; };
		17F62B452523144400DCA5C1 /* SampleData.swift in Sources */ = {isa = PBXBuildFile; fileRef = 1781EF15251F6C3000BA91BB /* SampleData.swift */; };
/* End PBXBuildFile section */

/* Begin PBXContainerItemProxy section */
		171212122503708000EE7423 /* PBXContainerItemProxy */ = {
			isa = PBXContainerItemProxy;
			containerPortal = 171211F22503707D00EE7423 /* Project object */;
			proxyType = 1;
			remoteGlobalIDString = 171212002503708000EE7423;
			remoteInfo = "Classes (iOS)";
		};
		1712121D2503708000EE7423 /* PBXContainerItemProxy */ = {
			isa = PBXContainerItemProxy;
			containerPortal = 171211F22503707D00EE7423 /* Project object */;
			proxyType = 1;
			remoteGlobalIDString = 171212082503708000EE7423;
			remoteInfo = "Classes (macOS)";
		};
/* End PBXContainerItemProxy section */

/* Begin PBXFileReference section */
		1702DDD72526562100B6863C /* BottomToolbar.swift */ = {isa = PBXFileReference; lastKnownFileType = sourcecode.swift; path = BottomToolbar.swift; sourceTree = "<group>"; };
		170B23E225077F1B00F790FE /* TabNavigation.swift */ = {isa = PBXFileReference; lastKnownFileType = sourcecode.swift; name = TabNavigation.swift; path = iOS/TabNavigation.swift; sourceTree = SOURCE_ROOT; };
		170EE3BD251AA861000D8363 /* EnvironmentHelpers.swift */ = {isa = PBXFileReference; fileEncoding = 4; lastKnownFileType = sourcecode.swift; name = EnvironmentHelpers.swift; path = "Shared/New Group/EnvironmentHelpers.swift"; sourceTree = SOURCE_ROOT; };
		171211F82503707E00EE7423 /* Shared.xcdatamodel */ = {isa = PBXFileReference; lastKnownFileType = wrapper.xcdatamodel; path = Shared.xcdatamodel; sourceTree = "<group>"; };
		171211F92503707E00EE7423 /* ClassesApp.swift */ = {isa = PBXFileReference; lastKnownFileType = sourcecode.swift; path = ClassesApp.swift; sourceTree = "<group>"; };
		171211FA2503707E00EE7423 /* ContentView.swift */ = {isa = PBXFileReference; lastKnownFileType = sourcecode.swift; path = ContentView.swift; sourceTree = "<group>"; };
		171211FB2503707E00EE7423 /* Persistence.swift */ = {isa = PBXFileReference; lastKnownFileType = sourcecode.swift; path = Persistence.swift; sourceTree = "<group>"; };
		171211FC2503708000EE7423 /* Assets.xcassets */ = {isa = PBXFileReference; lastKnownFileType = folder.assetcatalog; path = Assets.xcassets; sourceTree = "<group>"; };
		171212012503708000EE7423 /* Classes.app */ = {isa = PBXFileReference; explicitFileType = wrapper.application; includeInIndex = 0; path = Classes.app; sourceTree = BUILT_PRODUCTS_DIR; };
		171212042503708000EE7423 /* Info.plist */ = {isa = PBXFileReference; lastKnownFileType = text.plist.xml; path = Info.plist; sourceTree = "<group>"; };
		171212092503708000EE7423 /* Classes.app */ = {isa = PBXFileReference; explicitFileType = wrapper.application; includeInIndex = 0; path = Classes.app; sourceTree = BUILT_PRODUCTS_DIR; };
		1712120B2503708000EE7423 /* Info.plist */ = {isa = PBXFileReference; lastKnownFileType = text.plist.xml; path = Info.plist; sourceTree = "<group>"; };
		1712120C2503708000EE7423 /* macOS.entitlements */ = {isa = PBXFileReference; lastKnownFileType = text.plist.entitlements; path = macOS.entitlements; sourceTree = "<group>"; };
		171212112503708000EE7423 /* Tests iOS.xctest */ = {isa = PBXFileReference; explicitFileType = wrapper.cfbundle; includeInIndex = 0; path = "Tests iOS.xctest"; sourceTree = BUILT_PRODUCTS_DIR; };
		171212152503708000EE7423 /* Tests_iOS.swift */ = {isa = PBXFileReference; lastKnownFileType = sourcecode.swift; path = Tests_iOS.swift; sourceTree = "<group>"; };
		171212172503708000EE7423 /* Info.plist */ = {isa = PBXFileReference; lastKnownFileType = text.plist.xml; path = Info.plist; sourceTree = "<group>"; };
		1712121C2503708000EE7423 /* Tests macOS.xctest */ = {isa = PBXFileReference; explicitFileType = wrapper.cfbundle; includeInIndex = 0; path = "Tests macOS.xctest"; sourceTree = BUILT_PRODUCTS_DIR; };
		171212202503708000EE7423 /* Tests_macOS.swift */ = {isa = PBXFileReference; lastKnownFileType = sourcecode.swift; path = Tests_macOS.swift; sourceTree = "<group>"; };
		171212222503708000EE7423 /* Info.plist */ = {isa = PBXFileReference; lastKnownFileType = text.plist.xml; path = Info.plist; sourceTree = "<group>"; };
		17207ED425208B3E003889C2 /* AddILOMenu.swift */ = {isa = PBXFileReference; lastKnownFileType = sourcecode.swift; path = AddILOMenu.swift; sourceTree = "<group>"; };
		1724C469254250DE00F56C93 /* AppFeatures.json */ = {isa = PBXFileReference; fileEncoding = 4; lastKnownFileType = text.json; path = AppFeatures.json; sourceTree = "<group>"; };
		172FFFF525420B3500CA15B5 /* WhatsNew.swift */ = {isa = PBXFileReference; lastKnownFileType = sourcecode.swift; path = WhatsNew.swift; sourceTree = "<group>"; };
		17333E6C2514142A002676C3 /* Shared 2.xcdatamodel */ = {isa = PBXFileReference; lastKnownFileType = wrapper.xcdatamodel; path = "Shared 2.xcdatamodel"; sourceTree = "<group>"; };
		173368E42528DA42005D0932 /* ClassesWidgetExtension.entitlements */ = {isa = PBXFileReference; lastKnownFileType = text.plist.entitlements; path = ClassesWidgetExtension.entitlements; sourceTree = "<group>"; };
		173C769B25162148003FFA6A /* OnboardingView.swift */ = {isa = PBXFileReference; lastKnownFileType = sourcecode.swift; path = OnboardingView.swift; sourceTree = "<group>"; };
		1751BB1B25325F3500AA78D6 /* en */ = {isa = PBXFileReference; lastKnownFileType = text.plist.strings; name = en; path = en.lproj/Localizable.strings; sourceTree = "<group>"; };
		1751BB212533480D00AA78D6 /* LessonsNaviOS.swift */ = {isa = PBXFileReference; lastKnownFileType = sourcecode.swift; path = LessonsNaviOS.swift; sourceTree = "<group>"; };
		1751BB282533514000AA78D6 /* LessonsStateObject.swift */ = {isa = PBXFileReference; lastKnownFileType = sourcecode.swift; path = LessonsStateObject.swift; sourceTree = "<group>"; };
		1768DEC42514CB41008CDCAC /* LessonDetails.swift */ = {isa = PBXFileReference; lastKnownFileType = sourcecode.swift; path = LessonDetails.swift; sourceTree = "<group>"; };
		1768DECF2514CB5B008CDCAC /* ILOSection.swift */ = {isa = PBXFileReference; lastKnownFileType = sourcecode.swift; path = ILOSection.swift; sourceTree = "<group>"; };
		1768DED62514CB68008CDCAC /* ResourceSection.swift */ = {isa = PBXFileReference; lastKnownFileType = sourcecode.swift; path = ResourceSection.swift; sourceTree = "<group>"; };
		176CC61D250CB40F00FB28B6 /* AddTagView.swift */ = {isa = PBXFileReference; lastKnownFileType = sourcecode.swift; path = AddTagView.swift; sourceTree = "<group>"; };
		176CC620250CB92E00FB28B6 /* Tag.swift */ = {isa = PBXFileReference; lastKnownFileType = sourcecode.swift; path = Tag.swift; sourceTree = "<group>"; };
		176CC624250CFCDB00FB28B6 /* AddResource.swift */ = {isa = PBXFileReference; lastKnownFileType = sourcecode.swift; path = AddResource.swift; sourceTree = "<group>"; };
		176CC626250CFD3C00FB28B6 /* Resource.swift */ = {isa = PBXFileReference; lastKnownFileType = sourcecode.swift; path = Resource.swift; sourceTree = "<group>"; };
		176CC62A250D18CC00FB28B6 /* AllocateTagView.swift */ = {isa = PBXFileReference; lastKnownFileType = sourcecode.swift; path = AllocateTagView.swift; sourceTree = "<group>"; };
		176E09B52528772100E1AA26 /* SettingsViewMac.swift */ = {isa = PBXFileReference; lastKnownFileType = sourcecode.swift; path = SettingsViewMac.swift; sourceTree = "<group>"; };
		176E09BC2528781600E1AA26 /* ContactSettingsView.swift */ = {isa = PBXFileReference; lastKnownFileType = sourcecode.swift; path = ContactSettingsView.swift; sourceTree = "<group>"; };
		176E09C42528783E00E1AA26 /* GeneralSettingsView.swift */ = {isa = PBXFileReference; lastKnownFileType = sourcecode.swift; path = GeneralSettingsView.swift; sourceTree = "<group>"; };
		1775ECA52527D94200957AE3 /* ContentViewMac.swift */ = {isa = PBXFileReference; lastKnownFileType = sourcecode.swift; path = ContentViewMac.swift; sourceTree = "<group>"; };
		1775ECB22527DEF600957AE3 /* Notifications.swift */ = {isa = PBXFileReference; lastKnownFileType = sourcecode.swift; path = Notifications.swift; sourceTree = "<group>"; };
		177909C1250A6D9200C14F5E /* EditILOView.swift */ = {isa = PBXFileReference; lastKnownFileType = sourcecode.swift; path = EditILOView.swift; sourceTree = "<group>"; };
		177B2D0F2528A4F200412C55 /* ImportView.swift */ = {isa = PBXFileReference; fileEncoding = 4; lastKnownFileType = sourcecode.swift; path = ImportView.swift; sourceTree = "<group>"; };
		177B2D152528A51C00412C55 /* ModelJSON.swift */ = {isa = PBXFileReference; fileEncoding = 4; lastKnownFileType = sourcecode.swift; path = ModelJSON.swift; sourceTree = "<group>"; };
		1781EF15251F6C3000BA91BB /* SampleData.swift */ = {isa = PBXFileReference; lastKnownFileType = sourcecode.swift; path = SampleData.swift; sourceTree = "<group>"; };
		1781EF1C251F76D200BA91BB /* AddResourceButton.swift */ = {isa = PBXFileReference; lastKnownFileType = sourcecode.swift; path = AddResourceButton.swift; sourceTree = "<group>"; };
		1781EF23251F7F3A00BA91BB /* AllILOsList.swift */ = {isa = PBXFileReference; lastKnownFileType = sourcecode.swift; path = AllILOsList.swift; sourceTree = "<group>"; };
		1787C8F525267FF1005486AC /* AppCommands.swift */ = {isa = PBXFileReference; lastKnownFileType = sourcecode.swift; path = AppCommands.swift; sourceTree = "<group>"; };
		17937D662531B49E001C2540 /* CustomTypes.swift */ = {isa = PBXFileReference; lastKnownFileType = sourcecode.swift; path = CustomTypes.swift; sourceTree = "<group>"; };
		17937D6F2531BE8B001C2540 /* EditLessonButton.swift */ = {isa = PBXFileReference; lastKnownFileType = sourcecode.swift; path = EditLessonButton.swift; sourceTree = "<group>"; };
		17937D7C2531BFD9001C2540 /* DeleteLessonButton.swift */ = {isa = PBXFileReference; lastKnownFileType = sourcecode.swift; path = DeleteLessonButton.swift; sourceTree = "<group>"; };
		17937D842531C03A001C2540 /* ToggleWatchedButton.swift */ = {isa = PBXFileReference; lastKnownFileType = sourcecode.swift; path = ToggleWatchedButton.swift; sourceTree = "<group>"; };
		179BF2512506834300574A35 /* LessonsView.swift */ = {isa = PBXFileReference; lastKnownFileType = sourcecode.swift; path = LessonsView.swift; sourceTree = "<group>"; };
		179BF255250697F500574A35 /* CloudKit.framework */ = {isa = PBXFileReference; lastKnownFileType = wrapper.framework; name = CloudKit.framework; path = System/Library/Frameworks/CloudKit.framework; sourceTree = SDKROOT; };
		179BF2572506981900574A35 /* Classes.entitlements */ = {isa = PBXFileReference; lastKnownFileType = text.plist.entitlements; path = Classes.entitlements; sourceTree = "<group>"; };
		179BF2582506981E00574A35 /* CloudKit.framework */ = {isa = PBXFileReference; lastKnownFileType = wrapper.framework; name = CloudKit.framework; path = Platforms/iPhoneOS.platform/Developer/SDKs/iPhoneOS14.0.sdk/System/Library/Frameworks/CloudKit.framework; sourceTree = DEVELOPER_DIR; };
		179BF25A2506A86200574A35 /* ILO.swift */ = {isa = PBXFileReference; lastKnownFileType = sourcecode.swift; path = ILO.swift; sourceTree = "<group>"; };
		17A6D50C250D7A3F00E7C6E8 /* TagIcon.swift */ = {isa = PBXFileReference; lastKnownFileType = sourcecode.swift; path = TagIcon.swift; sourceTree = "<group>"; };
		17ABF34F2507E789000D4048 /* ILOsView.swift */ = {isa = PBXFileReference; lastKnownFileType = sourcecode.swift; path = ILOsView.swift; sourceTree = "<group>"; };
		17BBCB042535169800FDEDD4 /* AppViewState.swift */ = {isa = PBXFileReference; lastKnownFileType = sourcecode.swift; path = AppViewState.swift; sourceTree = "<group>"; };
		17BD0E78251D2EDB00BCC40D /* LessonsNavMac.swift */ = {isa = PBXFileReference; lastKnownFileType = sourcecode.swift; path = LessonsNavMac.swift; sourceTree = "<group>"; };
		17BD0E83251D3DC900BCC40D /* LessonsFilter.swift */ = {isa = PBXFileReference; lastKnownFileType = sourcecode.swift; path = LessonsFilter.swift; sourceTree = "<group>"; };
		17BD0E8F251D425000BCC40D /* LessonsRow.swift */ = {isa = PBXFileReference; lastKnownFileType = sourcecode.swift; path = LessonsRow.swift; sourceTree = "<group>"; };
		17C9737D250E2A62000ACF16 /* SummaryView.swift */ = {isa = PBXFileReference; lastKnownFileType = sourcecode.swift; path = SummaryView.swift; sourceTree = "<group>"; };
		17CACE352529B43200D906E4 /* LessonsActionButtons.swift */ = {isa = PBXFileReference; lastKnownFileType = sourcecode.swift; name = LessonsActionButtons.swift; path = iOS/LessonsActionButtons.swift; sourceTree = SOURCE_ROOT; };
		17CACE4B2529CC9900D906E4 /* LessonsPrimaryActionButton.swift */ = {isa = PBXFileReference; lastKnownFileType = sourcecode.swift; path = LessonsPrimaryActionButton.swift; sourceTree = "<group>"; };
		17D48C22251963F800CBF0A0 /* Helpers.swift */ = {isa = PBXFileReference; lastKnownFileType = sourcecode.swift; path = Helpers.swift; sourceTree = "<group>"; };
		17D5468025325D3200046654 /* en-GB */ = {isa = PBXFileReference; lastKnownFileType = text.plist.strings; name = "en-GB"; path = "en-GB.lproj/Localizable.strings"; sourceTree = "<group>"; };
		17D551D42514DDF900A502EA /* ILOGeneratorView.swift */ = {isa = PBXFileReference; lastKnownFileType = sourcecode.swift; path = ILOGeneratorView.swift; sourceTree = "<group>"; };
		17DDC16D2515627300C8AC59 /* Shared 3.xcdatamodel */ = {isa = PBXFileReference; lastKnownFileType = wrapper.xcdatamodel; path = "Shared 3.xcdatamodel"; sourceTree = "<group>"; };
		17DEA57C250BEE0700ABD43A /* LessonTypeNavigationList.swift */ = {isa = PBXFileReference; lastKnownFileType = sourcecode.swift; path = LessonTypeNavigationList.swift; sourceTree = "<group>"; };
		17E50BBC250399DB00BA8618 /* SidebarNavigation.swift */ = {isa = PBXFileReference; lastKnownFileType = sourcecode.swift; path = SidebarNavigation.swift; sourceTree = "<group>"; };
		17E50BBF2504D81200BA8618 /* LessonsListContent.swift */ = {isa = PBXFileReference; lastKnownFileType = sourcecode.swift; path = LessonsListContent.swift; sourceTree = "<group>"; };
		17E50BC22504D81E00BA8618 /* AddLessonView.swift */ = {isa = PBXFileReference; lastKnownFileType = sourcecode.swift; path = AddLessonView.swift; sourceTree = "<group>"; };
		17E50BC52504D8F800BA8618 /* LessonCell.swift */ = {isa = PBXFileReference; lastKnownFileType = sourcecode.swift; path = LessonCell.swift; sourceTree = "<group>"; };
		17E50BC82504E22200BA8618 /* DetailView.swift */ = {isa = PBXFileReference; lastKnownFileType = sourcecode.swift; path = DetailView.swift; sourceTree = "<group>"; };
		17E50BCB250518A100BA8618 /* SettingsViewiOS.swift */ = {isa = PBXFileReference; lastKnownFileType = sourcecode.swift; path = SettingsViewiOS.swift; sourceTree = "<group>"; };
		17E50BCF25065CB300BA8618 /* Lesson.swift */ = {isa = PBXFileReference; lastKnownFileType = sourcecode.swift; path = Lesson.swift; sourceTree = "<group>"; };
		17F62B01252311BB00DCA5C1 /* ClassesWidgetExtension.appex */ = {isa = PBXFileReference; explicitFileType = "wrapper.app-extension"; includeInIndex = 0; path = ClassesWidgetExtension.appex; sourceTree = BUILT_PRODUCTS_DIR; };
		17F62B02252311BB00DCA5C1 /* WidgetKit.framework */ = {isa = PBXFileReference; lastKnownFileType = wrapper.framework; name = WidgetKit.framework; path = System/Library/Frameworks/WidgetKit.framework; sourceTree = SDKROOT; };
		17F62B04252311BB00DCA5C1 /* SwiftUI.framework */ = {isa = PBXFileReference; lastKnownFileType = wrapper.framework; name = SwiftUI.framework; path = System/Library/Frameworks/SwiftUI.framework; sourceTree = SDKROOT; };
		17F62B09252311BD00DCA5C1 /* Assets.xcassets */ = {isa = PBXFileReference; lastKnownFileType = folder.assetcatalog; path = Assets.xcassets; sourceTree = "<group>"; };
		17F62B0B252311BD00DCA5C1 /* Info.plist */ = {isa = PBXFileReference; lastKnownFileType = text.plist.xml; path = Info.plist; sourceTree = "<group>"; };
		17F62B18252311EB00DCA5C1 /* ClassesWidget.swift */ = {isa = PBXFileReference; fileEncoding = 4; lastKnownFileType = sourcecode.swift; path = ClassesWidget.swift; sourceTree = "<group>"; };
		17F62B252523123C00DCA5C1 /* UpcomingWidgetView.swift */ = {isa = PBXFileReference; lastKnownFileType = sourcecode.swift; path = UpcomingWidgetView.swift; sourceTree = "<group>"; };
/* End PBXFileReference section */

/* Begin PBXFrameworksBuildPhase section */
		171211FE2503708000EE7423 /* Frameworks */ = {
			isa = PBXFrameworksBuildPhase;
			buildActionMask = 2147483647;
			files = (
				179BF2592506981E00574A35 /* CloudKit.framework in Frameworks */,
			);
			runOnlyForDeploymentPostprocessing = 0;
		};
		171212062503708000EE7423 /* Frameworks */ = {
			isa = PBXFrameworksBuildPhase;
			buildActionMask = 2147483647;
			files = (
				179BF256250697F500574A35 /* CloudKit.framework in Frameworks */,
			);
			runOnlyForDeploymentPostprocessing = 0;
		};
		1712120E2503708000EE7423 /* Frameworks */ = {
			isa = PBXFrameworksBuildPhase;
			buildActionMask = 2147483647;
			files = (
			);
			runOnlyForDeploymentPostprocessing = 0;
		};
		171212192503708000EE7423 /* Frameworks */ = {
			isa = PBXFrameworksBuildPhase;
			buildActionMask = 2147483647;
			files = (
			);
			runOnlyForDeploymentPostprocessing = 0;
		};
		17F62AFE252311BB00DCA5C1 /* Frameworks */ = {
			isa = PBXFrameworksBuildPhase;
			buildActionMask = 2147483647;
			files = (
				17F62B05252311BB00DCA5C1 /* SwiftUI.framework in Frameworks */,
				17F62B03252311BB00DCA5C1 /* WidgetKit.framework in Frameworks */,
			);
			runOnlyForDeploymentPostprocessing = 0;
		};
/* End PBXFrameworksBuildPhase section */

/* Begin PBXGroup section */
		171211F12503707D00EE7423 = {
			isa = PBXGroup;
			children = (
				173368E42528DA42005D0932 /* ClassesWidgetExtension.entitlements */,
				179BF2572506981900574A35 /* Classes.entitlements */,
				171211F62503707E00EE7423 /* Shared */,
				171212032503708000EE7423 /* iOS */,
				1712120A2503708000EE7423 /* macOS */,
				171212142503708000EE7423 /* Tests iOS */,
				1712121F2503708000EE7423 /* Tests macOS */,
				17F62B06252311BB00DCA5C1 /* ClassesWidget */,
				171212022503708000EE7423 /* Products */,
				179BF254250697F500574A35 /* Frameworks */,
			);
			sourceTree = "<group>";
		};
		171211F62503707E00EE7423 /* Shared */ = {
			isa = PBXGroup;
			children = (
				171211F92503707E00EE7423 /* ClassesApp.swift */,
				171211FA2503707E00EE7423 /* ContentView.swift */,
				17EEFDCB25260DEA0069E89E /* Settings */,
				17DAC798251AA7F10013790A /* Summary */,
				17DAC797251AA7D20013790A /* Helpers */,
				17ABF352250848E4000D4048 /* App Navigation */,
				17ABF353250848EE000D4048 /* Lessons */,
				1768DEC32514CB2A008CDCAC /* Details */,
				17ABF35425084927000D4048 /* ILOs */,
				176CC61C250CB3F900FB28B6 /* Tags */,
				17E50BCE25065C7600BA8618 /* Model */,
				171211FC2503708000EE7423 /* Assets.xcassets */,
				17D5467F25325D3200046654 /* Localizable.strings */,
			);
			path = Shared;
			sourceTree = "<group>";
		};
		171212022503708000EE7423 /* Products */ = {
			isa = PBXGroup;
			children = (
				171212012503708000EE7423 /* Classes.app */,
				171212092503708000EE7423 /* Classes.app */,
				171212112503708000EE7423 /* Tests iOS.xctest */,
				1712121C2503708000EE7423 /* Tests macOS.xctest */,
				17F62B01252311BB00DCA5C1 /* ClassesWidgetExtension.appex */,
			);
			name = Products;
			sourceTree = "<group>";
		};
		171212032503708000EE7423 /* iOS */ = {
			isa = PBXGroup;
			children = (
				17CACE352529B43200D906E4 /* LessonsActionButtons.swift */,
				1751BB212533480D00AA78D6 /* LessonsNaviOS.swift */,
				17CACE4B2529CC9900D906E4 /* LessonsPrimaryActionButton.swift */,
				170B23E225077F1B00F790FE /* TabNavigation.swift */,
				17E50BCB250518A100BA8618 /* SettingsViewiOS.swift */,
				177B2D0F2528A4F200412C55 /* ImportView.swift */,
				17D48C22251963F800CBF0A0 /* Helpers.swift */,
				171212042503708000EE7423 /* Info.plist */,
			);
			path = iOS;
			sourceTree = "<group>";
		};
		1712120A2503708000EE7423 /* macOS */ = {
			isa = PBXGroup;
			children = (
				1775ECA52527D94200957AE3 /* ContentViewMac.swift */,
				176E09B52528772100E1AA26 /* SettingsViewMac.swift */,
				17BD0E78251D2EDB00BCC40D /* LessonsNavMac.swift */,
				1712120B2503708000EE7423 /* Info.plist */,
				1712120C2503708000EE7423 /* macOS.entitlements */,
			);
			path = macOS;
			sourceTree = "<group>";
		};
		171212142503708000EE7423 /* Tests iOS */ = {
			isa = PBXGroup;
			children = (
				171212152503708000EE7423 /* Tests_iOS.swift */,
				171212172503708000EE7423 /* Info.plist */,
			);
			path = "Tests iOS";
			sourceTree = "<group>";
		};
		1712121F2503708000EE7423 /* Tests macOS */ = {
			isa = PBXGroup;
			children = (
				171212202503708000EE7423 /* Tests_macOS.swift */,
				171212222503708000EE7423 /* Info.plist */,
			);
			path = "Tests macOS";
			sourceTree = "<group>";
		};
		1768DEC32514CB2A008CDCAC /* Details */ = {
			isa = PBXGroup;
			children = (
				17E50BC82504E22200BA8618 /* DetailView.swift */,
				17937D6E2531BE73001C2540 /* Buttons */,
				1768DECF2514CB5B008CDCAC /* ILOSection.swift */,
				17207ED425208B3E003889C2 /* AddILOMenu.swift */,
				176CC623250CFCCD00FB28B6 /* Resources */,
				1768DEC42514CB41008CDCAC /* LessonDetails.swift */,
			);
			path = Details;
			sourceTree = "<group>";
		};
		176CC61C250CB3F900FB28B6 /* Tags */ = {
			isa = PBXGroup;
			children = (
				176CC61D250CB40F00FB28B6 /* AddTagView.swift */,
				176CC62A250D18CC00FB28B6 /* AllocateTagView.swift */,
				17A6D50C250D7A3F00E7C6E8 /* TagIcon.swift */,
			);
			path = Tags;
			sourceTree = "<group>";
		};
		176CC623250CFCCD00FB28B6 /* Resources */ = {
			isa = PBXGroup;
			children = (
				1768DED62514CB68008CDCAC /* ResourceSection.swift */,
				176CC624250CFCDB00FB28B6 /* AddResource.swift */,
				1781EF1C251F76D200BA91BB /* AddResourceButton.swift */,
			);
			path = Resources;
			sourceTree = "<group>";
		};
		17937D6E2531BE73001C2540 /* Buttons */ = {
			isa = PBXGroup;
			children = (
				17937D6F2531BE8B001C2540 /* EditLessonButton.swift */,
				17937D7C2531BFD9001C2540 /* DeleteLessonButton.swift */,
				17937D842531C03A001C2540 /* ToggleWatchedButton.swift */,
			);
			path = Buttons;
			sourceTree = "<group>";
		};
		179BF254250697F500574A35 /* Frameworks */ = {
			isa = PBXGroup;
			children = (
				179BF2582506981E00574A35 /* CloudKit.framework */,
				179BF255250697F500574A35 /* CloudKit.framework */,
				17F62B02252311BB00DCA5C1 /* WidgetKit.framework */,
				17F62B04252311BB00DCA5C1 /* SwiftUI.framework */,
			);
			name = Frameworks;
			sourceTree = "<group>";
		};
		17ABF352250848E4000D4048 /* App Navigation */ = {
			isa = PBXGroup;
			children = (
				17DEA57C250BEE0700ABD43A /* LessonTypeNavigationList.swift */,
				17E50BBC250399DB00BA8618 /* SidebarNavigation.swift */,
			);
			path = "App Navigation";
			sourceTree = "<group>";
		};
		17ABF353250848EE000D4048 /* Lessons */ = {
			isa = PBXGroup;
			children = (
				179BF2512506834300574A35 /* LessonsView.swift */,
				1751BB282533514000AA78D6 /* LessonsStateObject.swift */,
				17E50BBF2504D81200BA8618 /* LessonsListContent.swift */,
				1702DDD72526562100B6863C /* BottomToolbar.swift */,
				17BD0E8F251D425000BCC40D /* LessonsRow.swift */,
				17E50BC52504D8F800BA8618 /* LessonCell.swift */,
				17E50BC22504D81E00BA8618 /* AddLessonView.swift */,
			);
			path = Lessons;
			sourceTree = "<group>";
		};
		17ABF35425084927000D4048 /* ILOs */ = {
			isa = PBXGroup;
			children = (
				177909C1250A6D9200C14F5E /* EditILOView.swift */,
				17ABF34F2507E789000D4048 /* ILOsView.swift */,
				1781EF23251F7F3A00BA91BB /* AllILOsList.swift */,
				17D551D42514DDF900A502EA /* ILOGeneratorView.swift */,
			);
			path = ILOs;
			sourceTree = "<group>";
		};
		17DAC797251AA7D20013790A /* Helpers */ = {
			isa = PBXGroup;
			children = (
				170EE3BD251AA861000D8363 /* EnvironmentHelpers.swift */,
				1787C8F525267FF1005486AC /* AppCommands.swift */,
				17BBCB042535169800FDEDD4 /* AppViewState.swift */,
				1775ECB22527DEF600957AE3 /* Notifications.swift */,
				17937D662531B49E001C2540 /* CustomTypes.swift */,
				17BD0E83251D3DC900BCC40D /* LessonsFilter.swift */,
			);
			path = Helpers;
			sourceTree = "<group>";
		};
		17DAC798251AA7F10013790A /* Summary */ = {
			isa = PBXGroup;
			children = (
				17C9737D250E2A62000ACF16 /* SummaryView.swift */,
			);
			name = Summary;
			sourceTree = "<group>";
		};
		17E50BCE25065C7600BA8618 /* Model */ = {
			isa = PBXGroup;
			children = (
				171211FB2503707E00EE7423 /* Persistence.swift */,
				171211F72503707E00EE7423 /* Shared.xcdatamodeld */,
				176CC620250CB92E00FB28B6 /* Tag.swift */,
				17E50BCF25065CB300BA8618 /* Lesson.swift */,
				1781EF15251F6C3000BA91BB /* SampleData.swift */,
				179BF25A2506A86200574A35 /* ILO.swift */,
				177B2D152528A51C00412C55 /* ModelJSON.swift */,
				176CC626250CFD3C00FB28B6 /* Resource.swift */,
			);
			path = Model;
			sourceTree = "<group>";
		};
		17EEFDCB25260DEA0069E89E /* Settings */ = {
			isa = PBXGroup;
			children = (
				176E09BC2528781600E1AA26 /* ContactSettingsView.swift */,
				176E09C42528783E00E1AA26 /* GeneralSettingsView.swift */,
				172FFFF525420B3500CA15B5 /* WhatsNew.swift */,
				1724C469254250DE00F56C93 /* AppFeatures.json */,
				173C769B25162148003FFA6A /* OnboardingView.swift */,
			);
			path = Settings;
			sourceTree = "<group>";
		};
		17F62B06252311BB00DCA5C1 /* ClassesWidget */ = {
			isa = PBXGroup;
			children = (
				17F62B18252311EB00DCA5C1 /* ClassesWidget.swift */,
				17F62B252523123C00DCA5C1 /* UpcomingWidgetView.swift */,
				17F62B09252311BD00DCA5C1 /* Assets.xcassets */,
				17F62B0B252311BD00DCA5C1 /* Info.plist */,
			);
			path = ClassesWidget;
			sourceTree = "<group>";
		};
/* End PBXGroup section */

/* Begin PBXNativeTarget section */
		171212002503708000EE7423 /* Classes (iOS) */ = {
			isa = PBXNativeTarget;
			buildConfigurationList = 1712122F2503708000EE7423 /* Build configuration list for PBXNativeTarget "Classes (iOS)" */;
			buildPhases = (
				171211FD2503708000EE7423 /* Sources */,
				171211FE2503708000EE7423 /* Frameworks */,
				171211FF2503708000EE7423 /* Resources */,
			);
			buildRules = (
			);
			dependencies = (
			);
			name = "Classes (iOS)";
			productName = "Classes (iOS)";
			productReference = 171212012503708000EE7423 /* Classes.app */;
			productType = "com.apple.product-type.application";
		};
		171212082503708000EE7423 /* Classes (macOS) */ = {
			isa = PBXNativeTarget;
			buildConfigurationList = 171212322503708000EE7423 /* Build configuration list for PBXNativeTarget "Classes (macOS)" */;
			buildPhases = (
				171212052503708000EE7423 /* Sources */,
				171212062503708000EE7423 /* Frameworks */,
				171212072503708000EE7423 /* Resources */,
			);
			buildRules = (
			);
			dependencies = (
			);
			name = "Classes (macOS)";
			productName = "Classes (macOS)";
			productReference = 171212092503708000EE7423 /* Classes.app */;
			productType = "com.apple.product-type.application";
		};
		171212102503708000EE7423 /* Tests iOS */ = {
			isa = PBXNativeTarget;
			buildConfigurationList = 171212352503708000EE7423 /* Build configuration list for PBXNativeTarget "Tests iOS" */;
			buildPhases = (
				1712120D2503708000EE7423 /* Sources */,
				1712120E2503708000EE7423 /* Frameworks */,
				1712120F2503708000EE7423 /* Resources */,
			);
			buildRules = (
			);
			dependencies = (
				171212132503708000EE7423 /* PBXTargetDependency */,
			);
			name = "Tests iOS";
			productName = "Tests iOS";
			productReference = 171212112503708000EE7423 /* Tests iOS.xctest */;
			productType = "com.apple.product-type.bundle.ui-testing";
		};
		1712121B2503708000EE7423 /* Tests macOS */ = {
			isa = PBXNativeTarget;
			buildConfigurationList = 171212382503708000EE7423 /* Build configuration list for PBXNativeTarget "Tests macOS" */;
			buildPhases = (
				171212182503708000EE7423 /* Sources */,
				171212192503708000EE7423 /* Frameworks */,
				1712121A2503708000EE7423 /* Resources */,
			);
			buildRules = (
			);
			dependencies = (
				1712121E2503708000EE7423 /* PBXTargetDependency */,
			);
			name = "Tests macOS";
			productName = "Tests macOS";
			productReference = 1712121C2503708000EE7423 /* Tests macOS.xctest */;
			productType = "com.apple.product-type.bundle.ui-testing";
		};
		17F62B00252311BB00DCA5C1 /* ClassesWidgetExtension */ = {
			isa = PBXNativeTarget;
			buildConfigurationList = 17F62B12252311BD00DCA5C1 /* Build configuration list for PBXNativeTarget "ClassesWidgetExtension" */;
			buildPhases = (
				17F62AFD252311BB00DCA5C1 /* Sources */,
				17F62AFE252311BB00DCA5C1 /* Frameworks */,
				17F62AFF252311BB00DCA5C1 /* Resources */,
			);
			buildRules = (
			);
			dependencies = (
			);
			name = ClassesWidgetExtension;
			productName = ClassesWidgetExtension;
			productReference = 17F62B01252311BB00DCA5C1 /* ClassesWidgetExtension.appex */;
			productType = "com.apple.product-type.app-extension";
		};
/* End PBXNativeTarget section */

/* Begin PBXProject section */
		171211F22503707D00EE7423 /* Project object */ = {
			isa = PBXProject;
			attributes = {
				LastSwiftUpdateCheck = 1220;
				LastUpgradeCheck = 1200;
				TargetAttributes = {
					171212002503708000EE7423 = {
						CreatedOnToolsVersion = 12.0;
					};
					171212082503708000EE7423 = {
						CreatedOnToolsVersion = 12.0;
					};
					171212102503708000EE7423 = {
						CreatedOnToolsVersion = 12.0;
						TestTargetID = 171212002503708000EE7423;
					};
					1712121B2503708000EE7423 = {
						CreatedOnToolsVersion = 12.0;
						TestTargetID = 171212082503708000EE7423;
					};
					17F62B00252311BB00DCA5C1 = {
						CreatedOnToolsVersion = 12.2;
					};
				};
			};
			buildConfigurationList = 171211F52503707D00EE7423 /* Build configuration list for PBXProject "Classes" */;
			compatibilityVersion = "Xcode 9.3";
			developmentRegion = en;
			hasScannedForEncodings = 0;
			knownRegions = (
				en,
				Base,
				"en-GB",
			);
			mainGroup = 171211F12503707D00EE7423;
			productRefGroup = 171212022503708000EE7423 /* Products */;
			projectDirPath = "";
			projectRoot = "";
			targets = (
				171212002503708000EE7423 /* Classes (iOS) */,
				171212082503708000EE7423 /* Classes (macOS) */,
				171212102503708000EE7423 /* Tests iOS */,
				1712121B2503708000EE7423 /* Tests macOS */,
				17F62B00252311BB00DCA5C1 /* ClassesWidgetExtension */,
			);
		};
/* End PBXProject section */

/* Begin PBXResourcesBuildPhase section */
		171211FF2503708000EE7423 /* Resources */ = {
			isa = PBXResourcesBuildPhase;
			buildActionMask = 2147483647;
			files = (
				1724C46A254250DE00F56C93 /* AppFeatures.json in Resources */,
				17B36A4D2544CEEE00307C00 /* Localizable.strings in Resources */,
				1712122B2503708000EE7423 /* Assets.xcassets in Resources */,
			);
			runOnlyForDeploymentPostprocessing = 0;
		};
		171212072503708000EE7423 /* Resources */ = {
			isa = PBXResourcesBuildPhase;
			buildActionMask = 2147483647;
			files = (
				1712122C2503708000EE7423 /* Assets.xcassets in Resources */,
				1724C46B254250DE00F56C93 /* AppFeatures.json in Resources */,
				17D5468125325D3300046654 /* Localizable.strings in Resources */,
			);
			runOnlyForDeploymentPostprocessing = 0;
		};
		1712120F2503708000EE7423 /* Resources */ = {
			isa = PBXResourcesBuildPhase;
			buildActionMask = 2147483647;
			files = (
			);
			runOnlyForDeploymentPostprocessing = 0;
		};
		1712121A2503708000EE7423 /* Resources */ = {
			isa = PBXResourcesBuildPhase;
			buildActionMask = 2147483647;
			files = (
			);
			runOnlyForDeploymentPostprocessing = 0;
		};
		17F62AFF252311BB00DCA5C1 /* Resources */ = {
			isa = PBXResourcesBuildPhase;
			buildActionMask = 2147483647;
			files = (
				17F62B0A252311BD00DCA5C1 /* Assets.xcassets in Resources */,
			);
			runOnlyForDeploymentPostprocessing = 0;
		};
/* End PBXResourcesBuildPhase section */

/* Begin PBXSourcesBuildPhase section */
		171211FD2503708000EE7423 /* Sources */ = {
			isa = PBXSourcesBuildPhase;
			buildActionMask = 2147483647;
			files = (
				171212252503708000EE7423 /* ClassesApp.swift in Sources */,
				176E09BD2528781600E1AA26 /* ContactSettingsView.swift in Sources */,
				1751BB292533514000AA78D6 /* LessonsStateObject.swift in Sources */,
				176CC62B250D18CC00FB28B6 /* AllocateTagView.swift in Sources */,
				173C769C25162148003FFA6A /* OnboardingView.swift in Sources */,
				17BD0E84251D3DC900BCC40D /* LessonsFilter.swift in Sources */,
				17CACE362529B43200D906E4 /* LessonsActionButtons.swift in Sources */,
				177909C2250A6D9300C14F5E /* EditILOView.swift in Sources */,
				17937D672531B49E001C2540 /* CustomTypes.swift in Sources */,
				177B2D162528A51C00412C55 /* ModelJSON.swift in Sources */,
				17D551D52514DDF900A502EA /* ILOGeneratorView.swift in Sources */,
				176CC627250CFD3C00FB28B6 /* Resource.swift in Sources */,
				17DEA57D250BEE0700ABD43A /* LessonTypeNavigationList.swift in Sources */,
				1781EF16251F6C3000BA91BB /* SampleData.swift in Sources */,
				1781EF24251F7F3A00BA91BB /* AllILOsList.swift in Sources */,
				1751BB222533480D00AA78D6 /* LessonsNaviOS.swift in Sources */,
				1775ECA62527D94200957AE3 /* ContentViewMac.swift in Sources */,
				1787C8F625267FF1005486AC /* AppCommands.swift in Sources */,
				17C9737E250E2A62000ACF16 /* SummaryView.swift in Sources */,
				172FFFF625420B3500CA15B5 /* WhatsNew.swift in Sources */,
				176CC625250CFCDB00FB28B6 /* AddResource.swift in Sources */,
				17937D852531C03A001C2540 /* ToggleWatchedButton.swift in Sources */,
				17E50BC92504E22200BA8618 /* DetailView.swift in Sources */,
				1768DED02514CB5B008CDCAC /* ILOSection.swift in Sources */,
				17E50BBD250399DB00BA8618 /* SidebarNavigation.swift in Sources */,
				171212292503708000EE7423 /* Persistence.swift in Sources */,
				179BF25B2506A86200574A35 /* ILO.swift in Sources */,
				17E50BC32504D81E00BA8618 /* AddLessonView.swift in Sources */,
				17E50BCC250518A100BA8618 /* SettingsViewiOS.swift in Sources */,
				1768DED72514CB68008CDCAC /* ResourceSection.swift in Sources */,
				171212232503708000EE7423 /* Shared.xcdatamodeld in Sources */,
				17E50BC02504D81200BA8618 /* LessonsListContent.swift in Sources */,
				17937D702531BE8B001C2540 /* EditLessonButton.swift in Sources */,
				176CC621250CB92E00FB28B6 /* Tag.swift in Sources */,
				1781EF1D251F76D200BA91BB /* AddResourceButton.swift in Sources */,
				171212272503708000EE7423 /* ContentView.swift in Sources */,
				17CACE4C2529CC9A00D906E4 /* LessonsPrimaryActionButton.swift in Sources */,
				17E50BC62504D8F800BA8618 /* LessonCell.swift in Sources */,
				17A6D50D250D7A3F00E7C6E8 /* TagIcon.swift in Sources */,
				179BF2522506834300574A35 /* LessonsView.swift in Sources */,
				17D48C23251963F800CBF0A0 /* Helpers.swift in Sources */,
				1702DDD82526562100B6863C /* BottomToolbar.swift in Sources */,
				170EE3BE251AA861000D8363 /* EnvironmentHelpers.swift in Sources */,
				1768DEC52514CB41008CDCAC /* LessonDetails.swift in Sources */,
				1775ECB32527DEF600957AE3 /* Notifications.swift in Sources */,
				17937D7D2531BFD9001C2540 /* DeleteLessonButton.swift in Sources */,
				17BD0E90251D425000BCC40D /* LessonsRow.swift in Sources */,
				176E09C52528783E00E1AA26 /* GeneralSettingsView.swift in Sources */,
				17E50BD025065CB300BA8618 /* Lesson.swift in Sources */,
				17BBCB052535169800FDEDD4 /* AppViewState.swift in Sources */,
				17D546782532587200046654 /* AddTagView.swift in Sources */,
				170B23E325077F1B00F790FE /* TabNavigation.swift in Sources */,
				177B2D102528A4F200412C55 /* ImportView.swift in Sources */,
				17ABF3502507E789000D4048 /* ILOsView.swift in Sources */,
				17207ED525208B3E003889C2 /* AddILOMenu.swift in Sources */,
			);
			runOnlyForDeploymentPostprocessing = 0;
		};
		171212052503708000EE7423 /* Sources */ = {
			isa = PBXSourcesBuildPhase;
			buildActionMask = 2147483647;
			files = (
				1775ECB42527DEF600957AE3 /* Notifications.swift in Sources */,
				173C769D25162148003FFA6A /* OnboardingView.swift in Sources */,
				1751BB2A2533514000AA78D6 /* LessonsStateObject.swift in Sources */,
				1781EF25251F7F3A00BA91BB /* AllILOsList.swift in Sources */,
				170EE3BF251AA861000D8363 /* EnvironmentHelpers.swift in Sources */,
				171212262503708000EE7423 /* ClassesApp.swift in Sources */,
				1781EF1E251F76D200BA91BB /* AddResourceButton.swift in Sources */,
				17ABF3512507E789000D4048 /* ILOsView.swift in Sources */,
				176CC62C250D18CC00FB28B6 /* AllocateTagView.swift in Sources */,
				1781EF2A251F804E00BA91BB /* ILOGeneratorView.swift in Sources */,
				176E09B62528772100E1AA26 /* SettingsViewMac.swift in Sources */,
				17E50BCA2504E22200BA8618 /* DetailView.swift in Sources */,
				1775ECA72527D94200957AE3 /* ContentViewMac.swift in Sources */,
				17207ED625208B3E003889C2 /* AddILOMenu.swift in Sources */,
				17937D862531C03A001C2540 /* ToggleWatchedButton.swift in Sources */,
				1787C8F725267FF1005486AC /* AppCommands.swift in Sources */,
				17BD0E85251D3DC900BCC40D /* LessonsFilter.swift in Sources */,
				17E50BBE250399DB00BA8618 /* SidebarNavigation.swift in Sources */,
				176CC628250D13C100FB28B6 /* AddResource.swift in Sources */,
				17BD0E9E251D433C00BCC40D /* LessonsRow.swift in Sources */,
				17A6D50E250D7A3F00E7C6E8 /* TagIcon.swift in Sources */,
				1768DEC62514CB41008CDCAC /* LessonDetails.swift in Sources */,
				17C9737F250E2A62000ACF16 /* SummaryView.swift in Sources */,
				176CC629250D13CC00FB28B6 /* Resource.swift in Sources */,
				1712122A2503708000EE7423 /* Persistence.swift in Sources */,
				176E09BE2528781600E1AA26 /* ContactSettingsView.swift in Sources */,
				17937D7E2531BFD9001C2540 /* DeleteLessonButton.swift in Sources */,
				17D546792532587300046654 /* AddTagView.swift in Sources */,
				17DEA57E250BEE0700ABD43A /* LessonTypeNavigationList.swift in Sources */,
				179BF25C2506A86200574A35 /* ILO.swift in Sources */,
				1781EF17251F6C3000BA91BB /* SampleData.swift in Sources */,
				17E50BC42504D81E00BA8618 /* AddLessonView.swift in Sources */,
				171212242503708000EE7423 /* Shared.xcdatamodeld in Sources */,
				176CC622250CBD4000FB28B6 /* Tag.swift in Sources */,
				17937D682531B49E001C2540 /* CustomTypes.swift in Sources */,
				176E09C62528783E00E1AA26 /* GeneralSettingsView.swift in Sources */,
				17BD0E7A251D2EDB00BCC40D /* LessonsNavMac.swift in Sources */,
				17E50BC12504D81200BA8618 /* LessonsListContent.swift in Sources */,
				177909C3250A6D9300C14F5E /* EditILOView.swift in Sources */,
				177B2D172528A51C00412C55 /* ModelJSON.swift in Sources */,
				171212282503708000EE7423 /* ContentView.swift in Sources */,
				17E50BC72504D8F800BA8618 /* LessonCell.swift in Sources */,
				17BBCB062535169800FDEDD4 /* AppViewState.swift in Sources */,
				172FFFF725420B3500CA15B5 /* WhatsNew.swift in Sources */,
				179BF2532506834300574A35 /* LessonsView.swift in Sources */,
				1768DED82514CB68008CDCAC /* ResourceSection.swift in Sources */,
				1768DED12514CB5B008CDCAC /* ILOSection.swift in Sources */,
				17E50BD125065CB300BA8618 /* Lesson.swift in Sources */,
				17937D712531BE8B001C2540 /* EditLessonButton.swift in Sources */,
			);
			runOnlyForDeploymentPostprocessing = 0;
		};
		1712120D2503708000EE7423 /* Sources */ = {
			isa = PBXSourcesBuildPhase;
			buildActionMask = 2147483647;
			files = (
				171212162503708000EE7423 /* Tests_iOS.swift in Sources */,
			);
			runOnlyForDeploymentPostprocessing = 0;
		};
		171212182503708000EE7423 /* Sources */ = {
			isa = PBXSourcesBuildPhase;
			buildActionMask = 2147483647;
			files = (
				171212212503708000EE7423 /* Tests_macOS.swift in Sources */,
			);
			runOnlyForDeploymentPostprocessing = 0;
		};
		17F62AFD252311BB00DCA5C1 /* Sources */ = {
			isa = PBXSourcesBuildPhase;
			buildActionMask = 2147483647;
			files = (
				17B3D7DD2528A7FC00B3D8F3 /* ModelJSON.swift in Sources */,
				17F62B3F2523143400DCA5C1 /* Lesson.swift in Sources */,
				17F62B452523144400DCA5C1 /* SampleData.swift in Sources */,
				17F62B2D252312CE00DCA5C1 /* Shared.xcdatamodeld in Sources */,
				17F62B392523142900DCA5C1 /* Persistence.swift in Sources */,
				17F62B272523123C00DCA5C1 /* UpcomingWidgetView.swift in Sources */,
				17F62B1A252311EB00DCA5C1 /* ClassesWidget.swift in Sources */,
			);
			runOnlyForDeploymentPostprocessing = 0;
		};
/* End PBXSourcesBuildPhase section */

/* Begin PBXTargetDependency section */
		171212132503708000EE7423 /* PBXTargetDependency */ = {
			isa = PBXTargetDependency;
			target = 171212002503708000EE7423 /* Classes (iOS) */;
			targetProxy = 171212122503708000EE7423 /* PBXContainerItemProxy */;
		};
		1712121E2503708000EE7423 /* PBXTargetDependency */ = {
			isa = PBXTargetDependency;
			target = 171212082503708000EE7423 /* Classes (macOS) */;
			targetProxy = 1712121D2503708000EE7423 /* PBXContainerItemProxy */;
		};
/* End PBXTargetDependency section */

/* Begin PBXVariantGroup section */
		17D5467F25325D3200046654 /* Localizable.strings */ = {
			isa = PBXVariantGroup;
			children = (
				17D5468025325D3200046654 /* en-GB */,
				1751BB1B25325F3500AA78D6 /* en */,
			);
			name = Localizable.strings;
			sourceTree = "<group>";
		};
/* End PBXVariantGroup section */

/* Begin XCBuildConfiguration section */
		1712122D2503708000EE7423 /* Debug */ = {
			isa = XCBuildConfiguration;
			buildSettings = {
				ALWAYS_SEARCH_USER_PATHS = NO;
				CLANG_ANALYZER_NONNULL = YES;
				CLANG_ANALYZER_NUMBER_OBJECT_CONVERSION = YES_AGGRESSIVE;
				CLANG_CXX_LANGUAGE_STANDARD = "gnu++14";
				CLANG_CXX_LIBRARY = "libc++";
				CLANG_ENABLE_MODULES = YES;
				CLANG_ENABLE_OBJC_ARC = YES;
				CLANG_ENABLE_OBJC_WEAK = YES;
				CLANG_WARN_BLOCK_CAPTURE_AUTORELEASING = YES;
				CLANG_WARN_BOOL_CONVERSION = YES;
				CLANG_WARN_COMMA = YES;
				CLANG_WARN_CONSTANT_CONVERSION = YES;
				CLANG_WARN_DEPRECATED_OBJC_IMPLEMENTATIONS = YES;
				CLANG_WARN_DIRECT_OBJC_ISA_USAGE = YES_ERROR;
				CLANG_WARN_DOCUMENTATION_COMMENTS = YES;
				CLANG_WARN_EMPTY_BODY = YES;
				CLANG_WARN_ENUM_CONVERSION = YES;
				CLANG_WARN_INFINITE_RECURSION = YES;
				CLANG_WARN_INT_CONVERSION = YES;
				CLANG_WARN_NON_LITERAL_NULL_CONVERSION = YES;
				CLANG_WARN_OBJC_IMPLICIT_RETAIN_SELF = YES;
				CLANG_WARN_OBJC_LITERAL_CONVERSION = YES;
				CLANG_WARN_OBJC_ROOT_CLASS = YES_ERROR;
				CLANG_WARN_QUOTED_INCLUDE_IN_FRAMEWORK_HEADER = YES;
				CLANG_WARN_RANGE_LOOP_ANALYSIS = YES;
				CLANG_WARN_STRICT_PROTOTYPES = YES;
				CLANG_WARN_SUSPICIOUS_MOVE = YES;
				CLANG_WARN_UNGUARDED_AVAILABILITY = YES_AGGRESSIVE;
				CLANG_WARN_UNREACHABLE_CODE = YES;
				CLANG_WARN__DUPLICATE_METHOD_MATCH = YES;
				COPY_PHASE_STRIP = NO;
				DEBUG_INFORMATION_FORMAT = dwarf;
				ENABLE_STRICT_OBJC_MSGSEND = YES;
				ENABLE_TESTABILITY = YES;
				GCC_C_LANGUAGE_STANDARD = gnu11;
				GCC_DYNAMIC_NO_PIC = NO;
				GCC_NO_COMMON_BLOCKS = YES;
				GCC_OPTIMIZATION_LEVEL = 0;
				GCC_PREPROCESSOR_DEFINITIONS = (
					"DEBUG=1",
					"$(inherited)",
				);
				GCC_WARN_64_TO_32_BIT_CONVERSION = YES;
				GCC_WARN_ABOUT_RETURN_TYPE = YES_ERROR;
				GCC_WARN_UNDECLARED_SELECTOR = YES;
				GCC_WARN_UNINITIALIZED_AUTOS = YES_AGGRESSIVE;
				GCC_WARN_UNUSED_FUNCTION = YES;
				GCC_WARN_UNUSED_VARIABLE = YES;
				MTL_ENABLE_DEBUG_INFO = INCLUDE_SOURCE;
				MTL_FAST_MATH = YES;
				ONLY_ACTIVE_ARCH = YES;
				SWIFT_ACTIVE_COMPILATION_CONDITIONS = DEBUG;
				SWIFT_OPTIMIZATION_LEVEL = "-Onone";
			};
			name = Debug;
		};
		1712122E2503708000EE7423 /* Release */ = {
			isa = XCBuildConfiguration;
			buildSettings = {
				ALWAYS_SEARCH_USER_PATHS = NO;
				CLANG_ANALYZER_NONNULL = YES;
				CLANG_ANALYZER_NUMBER_OBJECT_CONVERSION = YES_AGGRESSIVE;
				CLANG_CXX_LANGUAGE_STANDARD = "gnu++14";
				CLANG_CXX_LIBRARY = "libc++";
				CLANG_ENABLE_MODULES = YES;
				CLANG_ENABLE_OBJC_ARC = YES;
				CLANG_ENABLE_OBJC_WEAK = YES;
				CLANG_WARN_BLOCK_CAPTURE_AUTORELEASING = YES;
				CLANG_WARN_BOOL_CONVERSION = YES;
				CLANG_WARN_COMMA = YES;
				CLANG_WARN_CONSTANT_CONVERSION = YES;
				CLANG_WARN_DEPRECATED_OBJC_IMPLEMENTATIONS = YES;
				CLANG_WARN_DIRECT_OBJC_ISA_USAGE = YES_ERROR;
				CLANG_WARN_DOCUMENTATION_COMMENTS = YES;
				CLANG_WARN_EMPTY_BODY = YES;
				CLANG_WARN_ENUM_CONVERSION = YES;
				CLANG_WARN_INFINITE_RECURSION = YES;
				CLANG_WARN_INT_CONVERSION = YES;
				CLANG_WARN_NON_LITERAL_NULL_CONVERSION = YES;
				CLANG_WARN_OBJC_IMPLICIT_RETAIN_SELF = YES;
				CLANG_WARN_OBJC_LITERAL_CONVERSION = YES;
				CLANG_WARN_OBJC_ROOT_CLASS = YES_ERROR;
				CLANG_WARN_QUOTED_INCLUDE_IN_FRAMEWORK_HEADER = YES;
				CLANG_WARN_RANGE_LOOP_ANALYSIS = YES;
				CLANG_WARN_STRICT_PROTOTYPES = YES;
				CLANG_WARN_SUSPICIOUS_MOVE = YES;
				CLANG_WARN_UNGUARDED_AVAILABILITY = YES_AGGRESSIVE;
				CLANG_WARN_UNREACHABLE_CODE = YES;
				CLANG_WARN__DUPLICATE_METHOD_MATCH = YES;
				COPY_PHASE_STRIP = NO;
				DEBUG_INFORMATION_FORMAT = "dwarf-with-dsym";
				ENABLE_NS_ASSERTIONS = NO;
				ENABLE_STRICT_OBJC_MSGSEND = YES;
				GCC_C_LANGUAGE_STANDARD = gnu11;
				GCC_NO_COMMON_BLOCKS = YES;
				GCC_WARN_64_TO_32_BIT_CONVERSION = YES;
				GCC_WARN_ABOUT_RETURN_TYPE = YES_ERROR;
				GCC_WARN_UNDECLARED_SELECTOR = YES;
				GCC_WARN_UNINITIALIZED_AUTOS = YES_AGGRESSIVE;
				GCC_WARN_UNUSED_FUNCTION = YES;
				GCC_WARN_UNUSED_VARIABLE = YES;
				MTL_ENABLE_DEBUG_INFO = NO;
				MTL_FAST_MATH = YES;
				SWIFT_COMPILATION_MODE = wholemodule;
				SWIFT_OPTIMIZATION_LEVEL = "-O";
			};
			name = Release;
		};
		171212302503708000EE7423 /* Debug */ = {
			isa = XCBuildConfiguration;
			buildSettings = {
				ASSETCATALOG_COMPILER_APPICON_NAME = AppIcon;
				ASSETCATALOG_COMPILER_GLOBAL_ACCENT_COLOR_NAME = AccentColor;
				CODE_SIGN_ENTITLEMENTS = Classes.entitlements;
				CODE_SIGN_STYLE = Automatic;
				CURRENT_PROJECT_VERSION = 21;
				DEVELOPMENT_TEAM = 394ER38X9C;
				ENABLE_PREVIEWS = YES;
				INFOPLIST_FILE = iOS/Info.plist;
				IPHONEOS_DEPLOYMENT_TARGET = 14.0;
				LD_RUNPATH_SEARCH_PATHS = (
					"$(inherited)",
					"@executable_path/Frameworks",
				);
				MARKETING_VERSION = 1.2.2;
				PRODUCT_BUNDLE_IDENTIFIER = com.baughan.Classes;
				PRODUCT_NAME = Classes;
				SDKROOT = iphoneos;
				SWIFT_VERSION = 5.0;
				TARGETED_DEVICE_FAMILY = "1,2";
			};
			name = Debug;
		};
		171212312503708000EE7423 /* Release */ = {
			isa = XCBuildConfiguration;
			buildSettings = {
				ASSETCATALOG_COMPILER_APPICON_NAME = AppIcon;
				ASSETCATALOG_COMPILER_GLOBAL_ACCENT_COLOR_NAME = AccentColor;
				CODE_SIGN_ENTITLEMENTS = Classes.entitlements;
				CODE_SIGN_STYLE = Automatic;
				CURRENT_PROJECT_VERSION = 21;
				DEVELOPMENT_TEAM = 394ER38X9C;
				ENABLE_PREVIEWS = YES;
				INFOPLIST_FILE = iOS/Info.plist;
				IPHONEOS_DEPLOYMENT_TARGET = 14.0;
				LD_RUNPATH_SEARCH_PATHS = (
					"$(inherited)",
					"@executable_path/Frameworks",
				);
				MARKETING_VERSION = 1.2.2;
				PRODUCT_BUNDLE_IDENTIFIER = com.baughan.Classes;
				PRODUCT_NAME = Classes;
				SDKROOT = iphoneos;
				SWIFT_VERSION = 5.0;
				TARGETED_DEVICE_FAMILY = "1,2";
				VALIDATE_PRODUCT = YES;
			};
			name = Release;
		};
		171212332503708000EE7423 /* Debug */ = {
			isa = XCBuildConfiguration;
			buildSettings = {
				ASSETCATALOG_COMPILER_APPICON_NAME = AppIcon;
				ASSETCATALOG_COMPILER_GLOBAL_ACCENT_COLOR_NAME = AccentColor;
				CODE_SIGN_ENTITLEMENTS = macOS/macOS.entitlements;
				CODE_SIGN_STYLE = Automatic;
				COMBINE_HIDPI_IMAGES = YES;
				CURRENT_PROJECT_VERSION = 1;
				DEVELOPMENT_TEAM = 394ER38X9C;
				ENABLE_HARDENED_RUNTIME = YES;
				ENABLE_PREVIEWS = YES;
				INFOPLIST_FILE = macOS/Info.plist;
				LD_RUNPATH_SEARCH_PATHS = (
					"$(inherited)",
					"@executable_path/../Frameworks",
				);
				MACOSX_DEPLOYMENT_TARGET = 11.0;
				PRODUCT_BUNDLE_IDENTIFIER = com.baughan.Classes;
				PRODUCT_NAME = Classes;
				SDKROOT = macosx;
				SWIFT_VERSION = 5.0;
			};
			name = Debug;
		};
		171212342503708000EE7423 /* Release */ = {
			isa = XCBuildConfiguration;
			buildSettings = {
				ASSETCATALOG_COMPILER_APPICON_NAME = AppIcon;
				ASSETCATALOG_COMPILER_GLOBAL_ACCENT_COLOR_NAME = AccentColor;
				CODE_SIGN_ENTITLEMENTS = macOS/macOS.entitlements;
				CODE_SIGN_STYLE = Automatic;
				COMBINE_HIDPI_IMAGES = YES;
				CURRENT_PROJECT_VERSION = 1;
				DEVELOPMENT_TEAM = 394ER38X9C;
				ENABLE_HARDENED_RUNTIME = YES;
				ENABLE_PREVIEWS = YES;
				INFOPLIST_FILE = macOS/Info.plist;
				LD_RUNPATH_SEARCH_PATHS = (
					"$(inherited)",
					"@executable_path/../Frameworks",
				);
				MACOSX_DEPLOYMENT_TARGET = 11.0;
				PRODUCT_BUNDLE_IDENTIFIER = com.baughan.Classes;
				PRODUCT_NAME = Classes;
				SDKROOT = macosx;
				SWIFT_VERSION = 5.0;
			};
			name = Release;
		};
		171212362503708000EE7423 /* Debug */ = {
			isa = XCBuildConfiguration;
			buildSettings = {
				ALWAYS_EMBED_SWIFT_STANDARD_LIBRARIES = YES;
				CODE_SIGN_STYLE = Automatic;
				DEVELOPMENT_TEAM = 394ER38X9C;
				INFOPLIST_FILE = "Tests iOS/Info.plist";
				IPHONEOS_DEPLOYMENT_TARGET = 14.0;
				LD_RUNPATH_SEARCH_PATHS = (
					"$(inherited)",
					"@executable_path/Frameworks",
					"@loader_path/Frameworks",
				);
				PRODUCT_BUNDLE_IDENTIFIER = "com.baughan.Tests-iOS";
				PRODUCT_NAME = "$(TARGET_NAME)";
				SDKROOT = iphoneos;
				SWIFT_VERSION = 5.0;
				TARGETED_DEVICE_FAMILY = "1,2";
				TEST_TARGET_NAME = "Classes (iOS)";
			};
			name = Debug;
		};
		171212372503708000EE7423 /* Release */ = {
			isa = XCBuildConfiguration;
			buildSettings = {
				ALWAYS_EMBED_SWIFT_STANDARD_LIBRARIES = YES;
				CODE_SIGN_STYLE = Automatic;
				DEVELOPMENT_TEAM = 394ER38X9C;
				INFOPLIST_FILE = "Tests iOS/Info.plist";
				IPHONEOS_DEPLOYMENT_TARGET = 14.0;
				LD_RUNPATH_SEARCH_PATHS = (
					"$(inherited)",
					"@executable_path/Frameworks",
					"@loader_path/Frameworks",
				);
				PRODUCT_BUNDLE_IDENTIFIER = "com.baughan.Tests-iOS";
				PRODUCT_NAME = "$(TARGET_NAME)";
				SDKROOT = iphoneos;
				SWIFT_VERSION = 5.0;
				TARGETED_DEVICE_FAMILY = "1,2";
				TEST_TARGET_NAME = "Classes (iOS)";
				VALIDATE_PRODUCT = YES;
			};
			name = Release;
		};
		171212392503708000EE7423 /* Debug */ = {
			isa = XCBuildConfiguration;
			buildSettings = {
				ALWAYS_EMBED_SWIFT_STANDARD_LIBRARIES = YES;
				CODE_SIGN_STYLE = Automatic;
				COMBINE_HIDPI_IMAGES = YES;
				DEVELOPMENT_TEAM = 394ER38X9C;
				INFOPLIST_FILE = "Tests macOS/Info.plist";
				LD_RUNPATH_SEARCH_PATHS = (
					"$(inherited)",
					"@executable_path/../Frameworks",
					"@loader_path/../Frameworks",
				);
				MACOSX_DEPLOYMENT_TARGET = 11.0;
				PRODUCT_BUNDLE_IDENTIFIER = "com.baughan.Tests-macOS";
				PRODUCT_NAME = "$(TARGET_NAME)";
				SDKROOT = macosx;
				SWIFT_VERSION = 5.0;
				TEST_TARGET_NAME = "Classes (macOS)";
			};
			name = Debug;
		};
		1712123A2503708000EE7423 /* Release */ = {
			isa = XCBuildConfiguration;
			buildSettings = {
				ALWAYS_EMBED_SWIFT_STANDARD_LIBRARIES = YES;
				CODE_SIGN_STYLE = Automatic;
				COMBINE_HIDPI_IMAGES = YES;
				DEVELOPMENT_TEAM = 394ER38X9C;
				INFOPLIST_FILE = "Tests macOS/Info.plist";
				LD_RUNPATH_SEARCH_PATHS = (
					"$(inherited)",
					"@executable_path/../Frameworks",
					"@loader_path/../Frameworks",
				);
				MACOSX_DEPLOYMENT_TARGET = 11.0;
				PRODUCT_BUNDLE_IDENTIFIER = "com.baughan.Tests-macOS";
				PRODUCT_NAME = "$(TARGET_NAME)";
				SDKROOT = macosx;
				SWIFT_VERSION = 5.0;
				TEST_TARGET_NAME = "Classes (macOS)";
			};
			name = Release;
		};
		17F62B10252311BD00DCA5C1 /* Debug */ = {
			isa = XCBuildConfiguration;
			buildSettings = {
				ASSETCATALOG_COMPILER_GLOBAL_ACCENT_COLOR_NAME = AccentColor;
				ASSETCATALOG_COMPILER_WIDGET_BACKGROUND_COLOR_NAME = WidgetBackground;
				CODE_SIGN_ENTITLEMENTS = ClassesWidgetExtension.entitlements;
				CODE_SIGN_STYLE = Automatic;
				DEVELOPMENT_TEAM = 394ER38X9C;
				INFOPLIST_FILE = ClassesWidget/Info.plist;
				IPHONEOS_DEPLOYMENT_TARGET = 14.0;
				LD_RUNPATH_SEARCH_PATHS = (
					"$(inherited)",
					"@executable_path/Frameworks",
					"@executable_path/../../Frameworks",
				);
				PRODUCT_BUNDLE_IDENTIFIER = com.baughan.Classes.ClassesWidget;
				PRODUCT_NAME = "$(TARGET_NAME)";
				SDKROOT = iphoneos;
				SKIP_INSTALL = YES;
				SWIFT_VERSION = 5.0;
				TARGETED_DEVICE_FAMILY = "1,2";
			};
			name = Debug;
		};
		17F62B11252311BD00DCA5C1 /* Release */ = {
			isa = XCBuildConfiguration;
			buildSettings = {
				ASSETCATALOG_COMPILER_GLOBAL_ACCENT_COLOR_NAME = AccentColor;
				ASSETCATALOG_COMPILER_WIDGET_BACKGROUND_COLOR_NAME = WidgetBackground;
				CODE_SIGN_ENTITLEMENTS = ClassesWidgetExtension.entitlements;
				CODE_SIGN_STYLE = Automatic;
				DEVELOPMENT_TEAM = 394ER38X9C;
				INFOPLIST_FILE = ClassesWidget/Info.plist;
				IPHONEOS_DEPLOYMENT_TARGET = 14.0;
				LD_RUNPATH_SEARCH_PATHS = (
					"$(inherited)",
					"@executable_path/Frameworks",
					"@executable_path/../../Frameworks",
				);
				PRODUCT_BUNDLE_IDENTIFIER = com.baughan.Classes.ClassesWidget;
				PRODUCT_NAME = "$(TARGET_NAME)";
				SDKROOT = iphoneos;
				SKIP_INSTALL = YES;
				SWIFT_VERSION = 5.0;
				TARGETED_DEVICE_FAMILY = "1,2";
				VALIDATE_PRODUCT = YES;
			};
			name = Release;
		};
/* End XCBuildConfiguration section */

/* Begin XCConfigurationList section */
		171211F52503707D00EE7423 /* Build configuration list for PBXProject "Classes" */ = {
			isa = XCConfigurationList;
			buildConfigurations = (
				1712122D2503708000EE7423 /* Debug */,
				1712122E2503708000EE7423 /* Release */,
			);
			defaultConfigurationIsVisible = 0;
			defaultConfigurationName = Release;
		};
		1712122F2503708000EE7423 /* Build configuration list for PBXNativeTarget "Classes (iOS)" */ = {
			isa = XCConfigurationList;
			buildConfigurations = (
				171212302503708000EE7423 /* Debug */,
				171212312503708000EE7423 /* Release */,
			);
			defaultConfigurationIsVisible = 0;
			defaultConfigurationName = Release;
		};
		171212322503708000EE7423 /* Build configuration list for PBXNativeTarget "Classes (macOS)" */ = {
			isa = XCConfigurationList;
			buildConfigurations = (
				171212332503708000EE7423 /* Debug */,
				171212342503708000EE7423 /* Release */,
			);
			defaultConfigurationIsVisible = 0;
			defaultConfigurationName = Release;
		};
		171212352503708000EE7423 /* Build configuration list for PBXNativeTarget "Tests iOS" */ = {
			isa = XCConfigurationList;
			buildConfigurations = (
				171212362503708000EE7423 /* Debug */,
				171212372503708000EE7423 /* Release */,
			);
			defaultConfigurationIsVisible = 0;
			defaultConfigurationName = Release;
		};
		171212382503708000EE7423 /* Build configuration list for PBXNativeTarget "Tests macOS" */ = {
			isa = XCConfigurationList;
			buildConfigurations = (
				171212392503708000EE7423 /* Debug */,
				1712123A2503708000EE7423 /* Release */,
			);
			defaultConfigurationIsVisible = 0;
			defaultConfigurationName = Release;
		};
		17F62B12252311BD00DCA5C1 /* Build configuration list for PBXNativeTarget "ClassesWidgetExtension" */ = {
			isa = XCConfigurationList;
			buildConfigurations = (
				17F62B10252311BD00DCA5C1 /* Debug */,
				17F62B11252311BD00DCA5C1 /* Release */,
			);
			defaultConfigurationIsVisible = 0;
			defaultConfigurationName = Release;
		};
/* End XCConfigurationList section */

/* Begin XCVersionGroup section */
		171211F72503707E00EE7423 /* Shared.xcdatamodeld */ = {
			isa = XCVersionGroup;
			children = (
				17DDC16D2515627300C8AC59 /* Shared 3.xcdatamodel */,
				17333E6C2514142A002676C3 /* Shared 2.xcdatamodel */,
				171211F82503707E00EE7423 /* Shared.xcdatamodel */,
			);
			currentVersion = 17DDC16D2515627300C8AC59 /* Shared 3.xcdatamodel */;
			path = Shared.xcdatamodeld;
			sourceTree = "<group>";
			versionGroupType = wrapper.xcdatamodel;
		};
/* End XCVersionGroup section */
	};
	rootObject = 171211F22503707D00EE7423 /* Project object */;
}
